// !$*UTF8*$!
{
	archiveVersion = 1;
	classes = {
	};
	objectVersion = 50;
	objects = {

/* Begin PBXBuildFile section */
		89E724D267C405B2C9A021CD /* Pods_Todoey.framework in Frameworks */ = {isa = PBXBuildFile; fileRef = E303533C10E9766BFB77BC2B /* Pods_Todoey.framework */; };
		B9278ECF21553458000FD917 /* CategoryViewController.swift in Sources */ = {isa = PBXBuildFile; fileRef = B9278ECE21553458000FD917 /* CategoryViewController.swift */; };
		B96013382154B614005D8DB9 /* AppDelegate.swift in Sources */ = {isa = PBXBuildFile; fileRef = B96013372154B614005D8DB9 /* AppDelegate.swift */; };
		B960133A2154B615005D8DB9 /* TodoListViewController.swift in Sources */ = {isa = PBXBuildFile; fileRef = B96013392154B615005D8DB9 /* TodoListViewController.swift */; };
		B960133D2154B615005D8DB9 /* Main.storyboard in Resources */ = {isa = PBXBuildFile; fileRef = B960133B2154B615005D8DB9 /* Main.storyboard */; };
		B960133F2154B616005D8DB9 /* Assets.xcassets in Resources */ = {isa = PBXBuildFile; fileRef = B960133E2154B616005D8DB9 /* Assets.xcassets */; };
		B96013422154B616005D8DB9 /* LaunchScreen.storyboard in Resources */ = {isa = PBXBuildFile; fileRef = B96013402154B616005D8DB9 /* LaunchScreen.storyboard */; };
		B9B35AF82155ED460094A322 /* Item.swift in Sources */ = {isa = PBXBuildFile; fileRef = B9B35AF72155ED460094A322 /* Item.swift */; };
		B9B35AFA2155ED500094A322 /* Category.swift in Sources */ = {isa = PBXBuildFile; fileRef = B9B35AF92155ED500094A322 /* Category.swift */; };
/* End PBXBuildFile section */

/* Begin PBXFileReference section */
		91A9BB442B6F111A3D72A630 /* Pods-Todoey.release.xcconfig */ = {isa = PBXFileReference; includeInIndex = 1; lastKnownFileType = text.xcconfig; name = "Pods-Todoey.release.xcconfig"; path = "Pods/Target Support Files/Pods-Todoey/Pods-Todoey.release.xcconfig"; sourceTree = "<group>"; };
		B9278ECE21553458000FD917 /* CategoryViewController.swift */ = {isa = PBXFileReference; lastKnownFileType = sourcecode.swift; path = CategoryViewController.swift; sourceTree = "<group>"; };
		B96013342154B614005D8DB9 /* Todoey.app */ = {isa = PBXFileReference; explicitFileType = wrapper.application; includeInIndex = 0; path = Todoey.app; sourceTree = BUILT_PRODUCTS_DIR; };
		B96013372154B614005D8DB9 /* AppDelegate.swift */ = {isa = PBXFileReference; lastKnownFileType = sourcecode.swift; path = AppDelegate.swift; sourceTree = "<group>"; };
		B96013392154B615005D8DB9 /* TodoListViewController.swift */ = {isa = PBXFileReference; lastKnownFileType = sourcecode.swift; path = TodoListViewController.swift; sourceTree = "<group>"; };
		B960133C2154B615005D8DB9 /* Base */ = {isa = PBXFileReference; lastKnownFileType = file.storyboard; name = Base; path = Base.lproj/Main.storyboard; sourceTree = "<group>"; };
		B960133E2154B616005D8DB9 /* Assets.xcassets */ = {isa = PBXFileReference; lastKnownFileType = folder.assetcatalog; path = Assets.xcassets; sourceTree = "<group>"; };
		B96013412154B616005D8DB9 /* Base */ = {isa = PBXFileReference; lastKnownFileType = file.storyboard; name = Base; path = Base.lproj/LaunchScreen.storyboard; sourceTree = "<group>"; };
		B96013432154B616005D8DB9 /* Info.plist */ = {isa = PBXFileReference; lastKnownFileType = text.plist.xml; path = Info.plist; sourceTree = "<group>"; };
		B9B35AF72155ED460094A322 /* Item.swift */ = {isa = PBXFileReference; lastKnownFileType = sourcecode.swift; path = Item.swift; sourceTree = "<group>"; };
		B9B35AF92155ED500094A322 /* Category.swift */ = {isa = PBXFileReference; lastKnownFileType = sourcecode.swift; path = Category.swift; sourceTree = "<group>"; };
		DB0CB8ECDAFF2442B10EFDD0 /* Pods-Todoey.debug.xcconfig */ = {isa = PBXFileReference; includeInIndex = 1; lastKnownFileType = text.xcconfig; name = "Pods-Todoey.debug.xcconfig"; path = "Pods/Target Support Files/Pods-Todoey/Pods-Todoey.debug.xcconfig"; sourceTree = "<group>"; };
		E303533C10E9766BFB77BC2B /* Pods_Todoey.framework */ = {isa = PBXFileReference; explicitFileType = wrapper.framework; includeInIndex = 0; path = Pods_Todoey.framework; sourceTree = BUILT_PRODUCTS_DIR; };
/* End PBXFileReference section */

/* Begin PBXFrameworksBuildPhase section */
		B96013312154B614005D8DB9 /* Frameworks */ = {
			isa = PBXFrameworksBuildPhase;
			buildActionMask = 2147483647;
			files = (
				89E724D267C405B2C9A021CD /* Pods_Todoey.framework in Frameworks */,
			);
			runOnlyForDeploymentPostprocessing = 0;
		};
/* End PBXFrameworksBuildPhase section */

/* Begin PBXGroup section */
		8F4FC7D852225D067D1C15A9 /* Pods */ = {
			isa = PBXGroup;
			children = (
				DB0CB8ECDAFF2442B10EFDD0 /* Pods-Todoey.debug.xcconfig */,
				91A9BB442B6F111A3D72A630 /* Pods-Todoey.release.xcconfig */,
			);
			name = Pods;
			sourceTree = "<group>";
		};
		AB734F0A2DB402B03BB06F19 /* Frameworks */ = {
			isa = PBXGroup;
			children = (
				E303533C10E9766BFB77BC2B /* Pods_Todoey.framework */,
			);
			name = Frameworks;
			sourceTree = "<group>";
		};
		B960132B2154B614005D8DB9 = {
			isa = PBXGroup;
			children = (
				B96013362154B614005D8DB9 /* Todoey */,
				B96013352154B614005D8DB9 /* Products */,
				8F4FC7D852225D067D1C15A9 /* Pods */,
				AB734F0A2DB402B03BB06F19 /* Frameworks */,
			);
			sourceTree = "<group>";
		};
		B96013352154B614005D8DB9 /* Products */ = {
			isa = PBXGroup;
			children = (
				B96013342154B614005D8DB9 /* Todoey.app */,
			);
			name = Products;
			sourceTree = "<group>";
		};
		B96013362154B614005D8DB9 /* Todoey */ = {
			isa = PBXGroup;
			children = (
				B96013372154B614005D8DB9 /* AppDelegate.swift */,
				B960135A2154ED54005D8DB9 /* Supplement Files */,
				B96013592154ED4E005D8DB9 /* View */,
				B96013582154ED47005D8DB9 /* Controller */,
				B96013572154ED38005D8DB9 /* Data Model */,
				B96013432154B616005D8DB9 /* Info.plist */,
			);
			path = Todoey;
			sourceTree = "<group>";
		};
		B96013572154ED38005D8DB9 /* Data Model */ = {
			isa = PBXGroup;
			children = (
				B9B35AF72155ED460094A322 /* Item.swift */,
				B9B35AF92155ED500094A322 /* Category.swift */,
			);
			path = "Data Model";
			sourceTree = "<group>";
		};
		B96013582154ED47005D8DB9 /* Controller */ = {
			isa = PBXGroup;
			children = (
				B9278ECE21553458000FD917 /* CategoryViewController.swift */,
				B96013392154B615005D8DB9 /* TodoListViewController.swift */,
			);
			path = Controller;
			sourceTree = "<group>";
		};
		B96013592154ED4E005D8DB9 /* View */ = {
			isa = PBXGroup;
			children = (
				B96013402154B616005D8DB9 /* LaunchScreen.storyboard */,
				B960133B2154B615005D8DB9 /* Main.storyboard */,
			);
			path = View;
			sourceTree = "<group>";
		};
		B960135A2154ED54005D8DB9 /* Supplement Files */ = {
			isa = PBXGroup;
			children = (
				B960133E2154B616005D8DB9 /* Assets.xcassets */,
			);
			path = "Supplement Files";
			sourceTree = "<group>";
		};
/* End PBXGroup section */

/* Begin PBXNativeTarget section */
		B96013332154B614005D8DB9 /* Todoey */ = {
			isa = PBXNativeTarget;
			buildConfigurationList = B96013462154B616005D8DB9 /* Build configuration list for PBXNativeTarget "Todoey" */;
			buildPhases = (
				B34CE7CF4E70D6DB31AD3EF3 /* [CP] Check Pods Manifest.lock */,
				B96013302154B614005D8DB9 /* Sources */,
				B96013312154B614005D8DB9 /* Frameworks */,
				B96013322154B614005D8DB9 /* Resources */,
				F23F57875D44BE0F61946386 /* [CP] Embed Pods Frameworks */,
			);
			buildRules = (
			);
			dependencies = (
			);
			name = Todoey;
			productName = Todoey;
			productReference = B96013342154B614005D8DB9 /* Todoey.app */;
			productType = "com.apple.product-type.application";
		};
/* End PBXNativeTarget section */

/* Begin PBXProject section */
		B960132C2154B614005D8DB9 /* Project object */ = {
			isa = PBXProject;
			attributes = {
				LastSwiftUpdateCheck = 0940;
				LastUpgradeCheck = 0940;
				ORGANIZATIONNAME = "Jettapol Tuetrakul";
				TargetAttributes = {
					B96013332154B614005D8DB9 = {
						CreatedOnToolsVersion = 9.4.1;
					};
				};
			};
			buildConfigurationList = B960132F2154B614005D8DB9 /* Build configuration list for PBXProject "Todoey" */;
			compatibilityVersion = "Xcode 9.3";
			developmentRegion = en;
			hasScannedForEncodings = 0;
			knownRegions = (
				en,
				Base,
			);
			mainGroup = B960132B2154B614005D8DB9;
			productRefGroup = B96013352154B614005D8DB9 /* Products */;
			projectDirPath = "";
			projectRoot = "";
			targets = (
				B96013332154B614005D8DB9 /* Todoey */,
			);
		};
/* End PBXProject section */

/* Begin PBXResourcesBuildPhase section */
		B96013322154B614005D8DB9 /* Resources */ = {
			isa = PBXResourcesBuildPhase;
			buildActionMask = 2147483647;
			files = (
				B96013422154B616005D8DB9 /* LaunchScreen.storyboard in Resources */,
				B960133F2154B616005D8DB9 /* Assets.xcassets in Resources */,
				B960133D2154B615005D8DB9 /* Main.storyboard in Resources */,
			);
			runOnlyForDeploymentPostprocessing = 0;
		};
/* End PBXResourcesBuildPhase section */

/* Begin PBXShellScriptBuildPhase section */
		B34CE7CF4E70D6DB31AD3EF3 /* [CP] Check Pods Manifest.lock */ = {
			isa = PBXShellScriptBuildPhase;
			buildActionMask = 2147483647;
			files = (
			);
			inputPaths = (
				"${PODS_PODFILE_DIR_PATH}/Podfile.lock",
				"${PODS_ROOT}/Manifest.lock",
			);
			name = "[CP] Check Pods Manifest.lock";
			outputPaths = (
				"$(DERIVED_FILE_DIR)/Pods-Todoey-checkManifestLockResult.txt",
			);
			runOnlyForDeploymentPostprocessing = 0;
			shellPath = /bin/sh;
			shellScript = "diff \"${PODS_PODFILE_DIR_PATH}/Podfile.lock\" \"${PODS_ROOT}/Manifest.lock\" > /dev/null\nif [ $? != 0 ] ; then\n    # print error to STDERR\n    echo \"error: The sandbox is not in sync with the Podfile.lock. Run 'pod install' or update your CocoaPods installation.\" >&2\n    exit 1\nfi\n# This output is used by Xcode 'outputs' to avoid re-running this script phase.\necho \"SUCCESS\" > \"${SCRIPT_OUTPUT_FILE_0}\"\n";
			showEnvVarsInLog = 0;
		};
		F23F57875D44BE0F61946386 /* [CP] Embed Pods Frameworks */ = {
			isa = PBXShellScriptBuildPhase;
			buildActionMask = 2147483647;
			files = (
			);
			inputPaths = (
				"${SRCROOT}/Pods/Target Support Files/Pods-Todoey/Pods-Todoey-frameworks.sh",
				"${BUILT_PRODUCTS_DIR}/Realm/Realm.framework",
				"${BUILT_PRODUCTS_DIR}/RealmSwift/RealmSwift.framework",
			);
			name = "[CP] Embed Pods Frameworks";
			outputPaths = (
				"${TARGET_BUILD_DIR}/${FRAMEWORKS_FOLDER_PATH}/Realm.framework",
				"${TARGET_BUILD_DIR}/${FRAMEWORKS_FOLDER_PATH}/RealmSwift.framework",
			);
			runOnlyForDeploymentPostprocessing = 0;
			shellPath = /bin/sh;
			shellScript = "\"${SRCROOT}/Pods/Target Support Files/Pods-Todoey/Pods-Todoey-frameworks.sh\"\n";
			showEnvVarsInLog = 0;
		};
/* End PBXShellScriptBuildPhase section */

/* Begin PBXSourcesBuildPhase section */
		B96013302154B614005D8DB9 /* Sources */ = {
			isa = PBXSourcesBuildPhase;
			buildActionMask = 2147483647;
			files = (
				B9B35AF82155ED460094A322 /* Item.swift in Sources */,
				B9278ECF21553458000FD917 /* CategoryViewController.swift in Sources */,
				B960133A2154B615005D8DB9 /* TodoListViewController.swift in Sources */,
				B96013382154B614005D8DB9 /* AppDelegate.swift in Sources */,
				B9B35AFA2155ED500094A322 /* Category.swift in Sources */,
			);
			runOnlyForDeploymentPostprocessing = 0;
		};
/* End PBXSourcesBuildPhase section */

/* Begin PBXVariantGroup section */
		B960133B2154B615005D8DB9 /* Main.storyboard */ = {
			isa = PBXVariantGroup;
			children = (
				B960133C2154B615005D8DB9 /* Base */,
			);
			name = Main.storyboard;
			sourceTree = "<group>";
		};
		B96013402154B616005D8DB9 /* LaunchScreen.storyboard */ = {
			isa = PBXVariantGroup;
			children = (
				B96013412154B616005D8DB9 /* Base */,
			);
			name = LaunchScreen.storyboard;
			sourceTree = "<group>";
		};
/* End PBXVariantGroup section */

/* Begin XCBuildConfiguration section */
		B96013442154B616005D8DB9 /* Debug */ = {
			isa = XCBuildConfiguration;
			buildSettings = {
				ALWAYS_SEARCH_USER_PATHS = NO;
				CLANG_ANALYZER_NONNULL = YES;
				CLANG_ANALYZER_NUMBER_OBJECT_CONVERSION = YES_AGGRESSIVE;
				CLANG_CXX_LANGUAGE_STANDARD = "gnu++14";
				CLANG_CXX_LIBRARY = "libc++";
				CLANG_ENABLE_MODULES = YES;
				CLANG_ENABLE_OBJC_ARC = YES;
				CLANG_ENABLE_OBJC_WEAK = YES;
				CLANG_WARN_BLOCK_CAPTURE_AUTORELEASING = YES;
				CLANG_WARN_BOOL_CONVERSION = YES;
				CLANG_WARN_COMMA = YES;
				CLANG_WARN_CONSTANT_CONVERSION = YES;
				CLANG_WARN_DEPRECATED_OBJC_IMPLEMENTATIONS = YES;
				CLANG_WARN_DIRECT_OBJC_ISA_USAGE = YES_ERROR;
				CLANG_WARN_DOCUMENTATION_COMMENTS = YES;
				CLANG_WARN_EMPTY_BODY = YES;
				CLANG_WARN_ENUM_CONVERSION = YES;
				CLANG_WARN_INFINITE_RECURSION = YES;
				CLANG_WARN_INT_CONVERSION = YES;
				CLANG_WARN_NON_LITERAL_NULL_CONVERSION = YES;
				CLANG_WARN_OBJC_IMPLICIT_RETAIN_SELF = YES;
				CLANG_WARN_OBJC_LITERAL_CONVERSION = YES;
				CLANG_WARN_OBJC_ROOT_CLASS = YES_ERROR;
				CLANG_WARN_RANGE_LOOP_ANALYSIS = YES;
				CLANG_WARN_STRICT_PROTOTYPES = YES;
				CLANG_WARN_SUSPICIOUS_MOVE = YES;
				CLANG_WARN_UNGUARDED_AVAILABILITY = YES_AGGRESSIVE;
				CLANG_WARN_UNREACHABLE_CODE = YES;
				CLANG_WARN__DUPLICATE_METHOD_MATCH = YES;
				CODE_SIGN_IDENTITY = "iPhone Developer";
				COPY_PHASE_STRIP = NO;
				DEBUG_INFORMATION_FORMAT = dwarf;
				ENABLE_STRICT_OBJC_MSGSEND = YES;
				ENABLE_TESTABILITY = YES;
				GCC_C_LANGUAGE_STANDARD = gnu11;
				GCC_DYNAMIC_NO_PIC = NO;
				GCC_NO_COMMON_BLOCKS = YES;
				GCC_OPTIMIZATION_LEVEL = 0;
				GCC_PREPROCESSOR_DEFINITIONS = (
					"DEBUG=1",
					"$(inherited)",
				);
				GCC_WARN_64_TO_32_BIT_CONVERSION = YES;
				GCC_WARN_ABOUT_RETURN_TYPE = YES_ERROR;
				GCC_WARN_UNDECLARED_SELECTOR = YES;
				GCC_WARN_UNINITIALIZED_AUTOS = YES_AGGRESSIVE;
				GCC_WARN_UNUSED_FUNCTION = YES;
				GCC_WARN_UNUSED_VARIABLE = YES;
				IPHONEOS_DEPLOYMENT_TARGET = 11.4;
				MTL_ENABLE_DEBUG_INFO = YES;
				ONLY_ACTIVE_ARCH = YES;
				SDKROOT = iphoneos;
				SWIFT_ACTIVE_COMPILATION_CONDITIONS = DEBUG;
				SWIFT_OPTIMIZATION_LEVEL = "-Onone";
			};
			name = Debug;
		};
		B96013452154B616005D8DB9 /* Release */ = {
			isa = XCBuildConfiguration;
			buildSettings = {
				ALWAYS_SEARCH_USER_PATHS = NO;
				CLANG_ANALYZER_NONNULL = YES;
				CLANG_ANALYZER_NUMBER_OBJECT_CONVERSION = YES_AGGRESSIVE;
				CLANG_CXX_LANGUAGE_STANDARD = "gnu++14";
				CLANG_CXX_LIBRARY = "libc++";
				CLANG_ENABLE_MODULES = YES;
				CLANG_ENABLE_OBJC_ARC = YES;
				CLANG_ENABLE_OBJC_WEAK = YES;
				CLANG_WARN_BLOCK_CAPTURE_AUTORELEASING = YES;
				CLANG_WARN_BOOL_CONVERSION = YES;
				CLANG_WARN_COMMA = YES;
				CLANG_WARN_CONSTANT_CONVERSION = YES;
				CLANG_WARN_DEPRECATED_OBJC_IMPLEMENTATIONS = YES;
				CLANG_WARN_DIRECT_OBJC_ISA_USAGE = YES_ERROR;
				CLANG_WARN_DOCUMENTATION_COMMENTS = YES;
				CLANG_WARN_EMPTY_BODY = YES;
				CLANG_WARN_ENUM_CONVERSION = YES;
				CLANG_WARN_INFINITE_RECURSION = YES;
				CLANG_WARN_INT_CONVERSION = YES;
				CLANG_WARN_NON_LITERAL_NULL_CONVERSION = YES;
				CLANG_WARN_OBJC_IMPLICIT_RETAIN_SELF = YES;
				CLANG_WARN_OBJC_LITERAL_CONVERSION = YES;
				CLANG_WARN_OBJC_ROOT_CLASS = YES_ERROR;
				CLANG_WARN_RANGE_LOOP_ANALYSIS = YES;
				CLANG_WARN_STRICT_PROTOTYPES = YES;
				CLANG_WARN_SUSPICIOUS_MOVE = YES;
				CLANG_WARN_UNGUARDED_AVAILABILITY = YES_AGGRESSIVE;
				CLANG_WARN_UNREACHABLE_CODE = YES;
				CLANG_WARN__DUPLICATE_METHOD_MATCH = YES;
				CODE_SIGN_IDENTITY = "iPhone Developer";
				COPY_PHASE_STRIP = NO;
				DEBUG_INFORMATION_FORMAT = "dwarf-with-dsym";
				ENABLE_NS_ASSERTIONS = NO;
				ENABLE_STRICT_OBJC_MSGSEND = YES;
				GCC_C_LANGUAGE_STANDARD = gnu11;
				GCC_NO_COMMON_BLOCKS = YES;
				GCC_WARN_64_TO_32_BIT_CONVERSION = YES;
				GCC_WARN_ABOUT_RETURN_TYPE = YES_ERROR;
				GCC_WARN_UNDECLARED_SELECTOR = YES;
				GCC_WARN_UNINITIALIZED_AUTOS = YES_AGGRESSIVE;
				GCC_WARN_UNUSED_FUNCTION = YES;
				GCC_WARN_UNUSED_VARIABLE = YES;
				IPHONEOS_DEPLOYMENT_TARGET = 11.4;
				MTL_ENABLE_DEBUG_INFO = NO;
				SDKROOT = iphoneos;
				SWIFT_COMPILATION_MODE = wholemodule;
				SWIFT_OPTIMIZATION_LEVEL = "-O";
				VALIDATE_PRODUCT = YES;
			};
			name = Release;
		};
		B96013472154B616005D8DB9 /* Debug */ = {
			isa = XCBuildConfiguration;
			baseConfigurationReference = DB0CB8ECDAFF2442B10EFDD0 /* Pods-Todoey.debug.xcconfig */;
			buildSettings = {
				ASSETCATALOG_COMPILER_APPICON_NAME = AppIcon;
				CODE_SIGN_STYLE = Automatic;
				INFOPLIST_FILE = Todoey/Info.plist;
				LD_RUNPATH_SEARCH_PATHS = (
					"$(inherited)",
					"@executable_path/Frameworks",
				);
				PRODUCT_BUNDLE_IDENTIFIER = com.jettapol.Todoey;
				PRODUCT_NAME = "$(TARGET_NAME)";
				SWIFT_VERSION = 4.0;
				TARGETED_DEVICE_FAMILY = "1,2";
			};
			name = Debug;
		};
		B96013482154B616005D8DB9 /* Release */ = {
			isa = XCBuildConfiguration;
			baseConfigurationReference = 91A9BB442B6F111A3D72A630 /* Pods-Todoey.release.xcconfig */;
			buildSettings = {
				ASSETCATALOG_COMPILER_APPICON_NAME = AppIcon;
				CODE_SIGN_STYLE = Automatic;
				INFOPLIST_FILE = Todoey/Info.plist;
				LD_RUNPATH_SEARCH_PATHS = (
					"$(inherited)",
					"@executable_path/Frameworks",
				);
				PRODUCT_BUNDLE_IDENTIFIER = com.jettapol.Todoey;
				PRODUCT_NAME = "$(TARGET_NAME)";
				SWIFT_VERSION = 4.0;
				TARGETED_DEVICE_FAMILY = "1,2";
			};
			name = Release;
		};
/* End XCBuildConfiguration section */

/* Begin XCConfigurationList section */
		B960132F2154B614005D8DB9 /* Build configuration list for PBXProject "Todoey" */ = {
			isa = XCConfigurationList;
			buildConfigurations = (
				B96013442154B616005D8DB9 /* Debug */,
				B96013452154B616005D8DB9 /* Release */,
			);
			defaultConfigurationIsVisible = 0;
			defaultConfigurationName = Release;
		};
		B96013462154B616005D8DB9 /* Build configuration list for PBXNativeTarget "Todoey" */ = {
			isa = XCConfigurationList;
			buildConfigurations = (
				B96013472154B616005D8DB9 /* Debug */,
				B96013482154B616005D8DB9 /* Release */,
			);
			defaultConfigurationIsVisible = 0;
			defaultConfigurationName = Release;
		};
/* End XCConfigurationList section */
	};
	rootObject = B960132C2154B614005D8DB9 /* Project object */;
}
